{
  "nodes": {
    "animated-wallpaper": {
      "inputs": {
        "flake-utils": "flake-utils",
        "hyprlock": [
          "hyprlock"
        ],
        "nixpkgs": [
          "nixpkgs-unstable"
        ]
      },
      "locked": {
        "lastModified": 1753025105,
        "narHash": "sha256-u1BSD4f/7EqZOgUNS5lqol04RsunXQ+ouoS2T5Zrabk=",
        "owner": "Moerliy",
        "repo": "Godot-SuperWallpaper-Template",
        "rev": "06a4f4f106c5b03884ad2413e3df9d26469d232b",
        "type": "github"
      },
      "original": {
        "owner": "Moerliy",
        "repo": "Godot-SuperWallpaper-Template",
        "type": "github"
      }
    },
    "apple-silicon": {
      "inputs": {
        "flake-compat": "flake-compat",
        "nixpkgs": [
          "nixpkgs-unstable"
        ]
      },
      "locked": {
        "lastModified": 1783669315,
        "narHash": "sha256-DjIkyK48jWUxYCCoTDS9L5PgGg6/RFRSRXW2dSFpJg8=",
        "owner": "tpwrules",
        "repo": "nixos-apple-silicon",
        "rev": "9e46a0edd8a6d96538d146a4bb4477e7fae8b1a0",
        "type": "github"
      },
      "original": {
        "owner": "tpwrules",
        "repo": "nixos-apple-silicon",
        "type": "github"
      }
    },
    "aquamarine": {
      "inputs": {
        "hyprutils": [
          "hyprland",
          "hyprutils"
        ],
        "hyprwayland-scanner": [
          "hyprland",
          "hyprwayland-scanner"
        ],
        "nixpkgs": [
          "hyprland",
          "nixpkgs"
        ],
        "systems": [
          "hyprland",
          "systems"
        ]
      },
      "locked": {
        "lastModified": 1782073106,
        "narHash": "sha256-dnS5SaZlPqR1E0dPXaPc+lFkBwLUbAgbwsVMk7uA6dY=",
        "owner": "hyprwm",
        "repo": "aquamarine",
        "rev": "6d6e2384f381def4ea4ea81543cba4bbdac72457",
        "type": "github"
      },
      "original": {
        "owner": "hyprwm",
        "repo": "aquamarine",
        "type": "github"
      }
    },
    "bacon-ls": {
      "inputs": {
        "flake-utils": "flake-utils_2",
        "naersk": "naersk",
        "nixpkgs": [
          "nixpkgs-unstable"
        ]
      },
      "locked": {
        "lastModified": 1782893905,
        "narHash": "sha256-KC47Ex53zvJ7BT/Hfso2epMLevB++Vi28apAwMfapTA=",
        "owner": "crisidev",
        "repo": "bacon-ls",
        "rev": "2e54c6d7bbedc7e031c74d9c32536b8b13d04938",
        "type": "github"
      },
      "original": {
        "owner": "crisidev",
        "repo": "bacon-ls",
        "type": "github"
      }
    },
    "bat-catppuccin": {
      "flake": false,
      "locked": {
        "lastModified": 1751237777,
        "narHash": "sha256-lJapSgRVENTrbmpVyn+UQabC9fpV1G1e+CdlJ090uvg=",
        "owner": "catppuccin",
        "repo": "bat",
        "rev": "6810349b28055dce54076712fc05fc68da4b8ec0",
        "type": "github"
      },
      "original": {
        "owner": "catppuccin",
        "repo": "bat",
        "type": "github"
      }
    },
    "catppuccin": {
      "inputs": {
        "nixpkgs": "nixpkgs_2"
      },
      "locked": {
        "lastModified": 1783674541,
        "narHash": "sha256-vmUhEF/jBCZJeK0dInOls+HOAR0yiiQusN1+FZKaJss=",
        "owner": "catppuccin",
        "repo": "nix",
        "rev": "96799f24cf1366fe88e1293c3d27521a8f2129cf",
        "type": "github"
      },
      "original": {
        "owner": "catppuccin",
        "repo": "nix",
        "type": "github"
      }
    },
    "crane": {
      "locked": {
        "lastModified": 1783203018,
        "narHash": "sha256-G6R9IT/xwFuu+CYBWDUAok6AdC4ERC4ZfPPFtEpxnZE=",
        "owner": "ipetkov",
        "repo": "crane",
        "rev": "80db5bdc391be8a1794f6d8a2d56e3a84ebcede2",
        "type": "github"
      },
      "original": {
        "owner": "ipetkov",
        "repo": "crane",
        "type": "github"
      }
    },
    "darwin": {
      "inputs": {
        "nixpkgs": [
          "nixpkgs-unstable"
        ]
      },
      "locked": {
        "lastModified": 1783395956,
        "narHash": "sha256-AAbexQvDoK+6GFJdhY6kqjA+6ECKRkidgWxkn4gMwAA=",
        "owner": "lnl7",
        "repo": "nix-darwin",
        "rev": "d5bd9cd77aea4c0a8f49e7fd85545671a208ed15",
        "type": "github"
      },
      "original": {
        "owner": "lnl7",
        "ref": "master",
        "repo": "nix-darwin",
        "type": "github"
      }
    },
    "delta-catppuccin": {
      "flake": false,
      "locked": {
        "lastModified": 1780528848,
        "narHash": "sha256-lztkxX9O41YossvRzpR7tqxMhDNT1Efy2JvkCwtsiXQ=",
        "owner": "catppuccin",
        "repo": "delta",
        "rev": "011516f5d14f66b771b3e716f29c77231e008c74",
        "type": "github"
      },
      "original": {
        "owner": "catppuccin",
        "repo": "delta",
        "type": "github"
      }
    },
    "fenix": {
      "inputs": {
        "nixpkgs": [
          "bacon-ls",
          "naersk",
          "nixpkgs"
        ],
        "rust-analyzer-src": "rust-analyzer-src"
      },
      "locked": {
        "lastModified": 1752475459,
        "narHash": "sha256-z6QEu4ZFuHiqdOPbYss4/Q8B0BFhacR8ts6jO/F/aOU=",
        "owner": "nix-community",
        "repo": "fenix",
        "rev": "bf0d6f70f4c9a9cf8845f992105652173f4b617f",
        "type": "github"
      },
      "original": {
        "owner": "nix-community",
        "repo": "fenix",
        "type": "github"
      }
    },
    "flake-compat": {
      "locked": {
        "lastModified": 1761640442,
        "narHash": "sha256-AtrEP6Jmdvrqiv4x2xa5mrtaIp3OEe8uBYCDZDS+hu8=",
        "owner": "nix-community",
        "repo": "flake-compat",
        "rev": "4a56054d8ffc173222d09dad23adf4ba946c8884",
        "type": "github"
      },
      "original": {
        "owner": "nix-community",
        "repo": "flake-compat",
        "type": "github"
      }
    },
    "flake-compat_2": {
      "flake": false,
      "locked": {
        "lastModified": 1767039857,
        "narHash": "sha256-vNpUSpF5Nuw8xvDLj2KCwwksIbjua2LZCqhV1LNRDns=",
        "owner": "NixOS",
        "repo": "flake-compat",
        "rev": "5edf11c44bc78a0d334f6334cdaf7d60d732daab",
        "type": "github"
      },
      "original": {
        "owner": "NixOS",
        "repo": "flake-compat",
        "type": "github"
      }
    },
    "flake-compat_3": {
      "flake": false,
      "locked": {
        "lastModified": 1767039857,
        "narHash": "sha256-vNpUSpF5Nuw8xvDLj2KCwwksIbjua2LZCqhV1LNRDns=",
        "owner": "NixOS",
        "repo": "flake-compat",
        "rev": "5edf11c44bc78a0d334f6334cdaf7d60d732daab",
        "type": "github"
      },
      "original": {
        "owner": "NixOS",
        "repo": "flake-compat",
        "type": "github"
      }
    },
    "flake-utils": {
      "inputs": {
        "systems": "systems"
      },
      "locked": {
        "lastModified": 1731533236,
        "narHash": "sha256-l0KFg5HjrsfsO/JpG+r7fRrqm12kzFHyUHqHCVpMMbI=",
        "owner": "numtide",
        "repo": "flake-utils",
        "rev": "11707dc2f618dd54ca8739b309ec4fc024de578b",
        "type": "github"
      },
      "original": {
        "owner": "numtide",
        "repo": "flake-utils",
        "type": "github"
      }
    },
    "flake-utils_2": {
      "inputs": {
        "systems": "systems_2"
      },
      "locked": {
        "lastModified": 1731533236,
        "narHash": "sha256-l0KFg5HjrsfsO/JpG+r7fRrqm12kzFHyUHqHCVpMMbI=",
        "owner": "numtide",
        "repo": "flake-utils",
        "rev": "11707dc2f618dd54ca8739b309ec4fc024de578b",
        "type": "github"
      },
      "original": {
        "owner": "numtide",
        "repo": "flake-utils",
        "type": "github"
      }
    },
    "flake-utils_3": {
      "inputs": {
        "systems": "systems_8"
      },
      "locked": {
        "lastModified": 1731533236,
        "narHash": "sha256-l0KFg5HjrsfsO/JpG+r7fRrqm12kzFHyUHqHCVpMMbI=",
        "owner": "numtide",
        "repo": "flake-utils",
        "rev": "11707dc2f618dd54ca8739b309ec4fc024de578b",
        "type": "github"
      },
      "original": {
        "owner": "numtide",
        "repo": "flake-utils",
        "type": "github"
      }
    },
    "grim-hyprland": {
      "inputs": {
        "nixpkgs": [
          "nixpkgs-unstable"
        ],
        "systems": "systems_3"
      },
      "locked": {
        "lastModified": 1771981415,
        "narHash": "sha256-0g6aB72RlQL5tT67iAJ1rXUS1Pj+mojwVHenuUncjWQ=",
        "owner": "eriedaberrie",
        "repo": "grim-hyprland",
        "rev": "3032a7d7dac860091a4e7db561b4b83f321a3da3",
        "type": "github"
      },
      "original": {
        "owner": "eriedaberrie",
        "repo": "grim-hyprland",
        "type": "github"
      }
    },
    "home-manager": {
      "inputs": {
        "nixpkgs": [
          "nixpkgs"
        ]
      },
      "locked": {
        "lastModified": 1779506708,
        "narHash": "sha256-QOD/CNm196nCJRheux/URi4/HE66fthdOMqCJoPP1Y0=",
        "owner": "nix-community",
        "repo": "home-manager",
        "rev": "3ee51fbdac8c8bdfe1e7e1fcaba6520a563f394f",
        "type": "github"
      },
      "original": {
        "owner": "nix-community",
        "ref": "release-25.11",
        "repo": "home-manager",
        "type": "github"
      }
    },
    "home-manager-unstable": {
      "inputs": {
        "nixpkgs": [
          "nixpkgs-unstable"
        ]
      },
      "locked": {
        "lastModified": 1783823409,
        "narHash": "sha256-OI4IkRjRXa1e7hYmCGJDPDq5H/kPwhsyoS80cNUF9fI=",
        "owner": "nix-community",
        "repo": "home-manager",
        "rev": "7566825d4652a1b885bd4ce65bd9e8def432fec9",
        "type": "github"
      },
      "original": {
        "owner": "nix-community",
        "repo": "home-manager",
        "type": "github"
      }
    },
    "hyprcursor": {
      "inputs": {
        "hyprlang": [
          "hyprland",
          "hyprlang"
        ],
        "nixpkgs": [
          "hyprland",
          "nixpkgs"
        ],
        "systems": [
          "hyprland",
          "systems"
        ]
      },
      "locked": {
        "lastModified": 1776511930,
        "narHash": "sha256-fCpwFiTW0rT7oKJqr3cqHMnkwypSwQKpbtUEtxdkgrM=",
        "owner": "hyprwm",
        "repo": "hyprcursor",
        "rev": "39435900785d0c560c6ae8777d29f28617d031ef",
        "type": "github"
      },
      "original": {
        "owner": "hyprwm",
        "repo": "hyprcursor",
        "type": "github"
      }
    },
    "hyprgraphics": {
      "inputs": {
        "hyprutils": [
          "hyprland",
          "hyprutils"
        ],
        "nixpkgs": [
          "hyprland",
          "nixpkgs"
        ],
        "systems": [
          "hyprland",
          "systems"
        ]
      },
      "locked": {
        "lastModified": 1782566056,
        "narHash": "sha256-haEZcHzYrePnjFOYSWTbxm/Nrla0aPslJfmvdCvqtVc=",
        "owner": "hyprwm",
        "repo": "hyprgraphics",
        "rev": "c6e7b9f673f4360bc813d3dc75028f75ee88d3f8",
        "type": "github"
      },
      "original": {
        "owner": "hyprwm",
        "repo": "hyprgraphics",
        "type": "github"
      }
    },
    "hyprgraphics_2": {
      "inputs": {
        "hyprutils": [
          "hyprlock",
          "hyprutils"
        ],
        "nixpkgs": [
          "hyprlock",
          "nixpkgs"
        ],
        "systems": [
          "hyprlock",
          "systems"
        ]
      },
      "locked": {
        "lastModified": 1772461523,
        "narHash": "sha256-mI6A51do+hEUzeJKk9YSWfVHdI/SEEIBi2tp5Whq5mI=",
        "owner": "hyprwm",
        "repo": "hyprgraphics",
        "rev": "7d63c04b4a2dd5e59ef943b4b143f46e713df804",
        "type": "github"
      },
      "original": {
        "owner": "hyprwm",
        "repo": "hyprgraphics",
        "type": "github"
      }
    },
    "hyprhook": {
      "inputs": {
        "hyprland": [
          "hyprland"
        ],
        "nixpkgs": [
          "hyprhook",
          "hyprland",
          "nixpkgs"
        ],
        "systems": [
          "hyprhook",
          "hyprland",
          "systems"
        ]
      },
      "locked": {
        "lastModified": 1772499524,
        "narHash": "sha256-EIIay9upB4Ntk80A0pfCau8DfKixeWqptnWAVQtMGwg=",
        "owner": "Hyprhook",
        "repo": "Hyprhook",
        "rev": "06e206b0e426427d47c02466eb63a613ff4b4c64",
        "type": "github"
      },
      "original": {
        "owner": "Hyprhook",
        "repo": "Hyprhook",
        "type": "github"
      }
    },
    "hypridle": {
      "inputs": {
        "hyprland-protocols": "hyprland-protocols",
        "hyprlang": "hyprlang",
        "hyprutils": "hyprutils",
        "hyprwayland-scanner": "hyprwayland-scanner",
        "nixpkgs": [
          "nixpkgs-unstable"
        ],
        "systems": "systems_4"
      },
      "locked": {
        "lastModified": 1782748876,
        "narHash": "sha256-ODZh4jYjGieX2W15VAv/yIUnio74CnaDOe18X77tEwM=",
        "owner": "hyprwm",
        "repo": "hypridle",
        "rev": "128dcfa96dfc9c90136c9a80c6e2443f8b54928c",
        "type": "github"
      },
      "original": {
        "owner": "hyprwm",
        "repo": "hypridle",
        "type": "github"
      }
    },
    "hyprland": {
      "inputs": {
        "aquamarine": "aquamarine",
        "hyprcursor": "hyprcursor",
        "hyprgraphics": "hyprgraphics",
        "hyprland-guiutils": "hyprland-guiutils",
        "hyprland-protocols": "hyprland-protocols_2",
        "hyprlang": "hyprlang_2",
        "hyprutils": "hyprutils_2",
        "hyprwayland-scanner": "hyprwayland-scanner_2",
        "hyprwire": "hyprwire",
        "nixpkgs": [
          "nixpkgs-unstable"
        ],
        "pre-commit-hooks": "pre-commit-hooks",
        "systems": "systems_5",
        "xdph": "xdph"
      },
      "locked": {
        "lastModified": 1783871351,
        "narHash": "sha256-DJEsxRTORO8IYsk8Uoo5gRFr1aUwR2PaX3XSGq7rvkU=",
        "owner": "hyprwm",
        "repo": "Hyprland",
        "rev": "c4cfe0e830dbac770fc58acceab357799cb615ba",
        "type": "github"
      },
      "original": {
        "owner": "hyprwm",
        "repo": "Hyprland",
        "type": "github"
      }
    },
    "hyprland-guiutils": {
      "inputs": {
        "aquamarine": [
          "hyprland",
          "aquamarine"
        ],
        "hyprgraphics": [
          "hyprland",
          "hyprgraphics"
        ],
        "hyprlang": [
          "hyprland",
          "hyprlang"
        ],
        "hyprtoolkit": "hyprtoolkit",
        "hyprutils": [
          "hyprland",
          "hyprutils"
        ],
        "hyprwayland-scanner": [
          "hyprland",
          "hyprwayland-scanner"
        ],
        "nixpkgs": [
          "hyprland",
          "nixpkgs"
        ],
        "systems": [
          "hyprland",
          "systems"
        ]
      },
      "locked": {
        "lastModified": 1782563850,
        "narHash": "sha256-rs/EzgrgPHbCtJjFZN4aR1HYldH/0NtGAempWVpWQTs=",
        "owner": "hyprwm",
        "repo": "hyprland-guiutils",
        "rev": "5ba080ee036c30cb2485f2647ff8a61f7aa08178",
        "type": "github"
      },
      "original": {
        "owner": "hyprwm",
        "repo": "hyprland-guiutils",
        "type": "github"
      }
    },
    "hyprland-nativ-plugins": {
      "inputs": {
        "hyprland": [
          "hyprland"
        ],
        "nixpkgs": [
          "hyprland-nativ-plugins",
          "hyprland",
          "nixpkgs"
        ],
        "systems": [
          "hyprland-nativ-plugins",
          "hyprland",
          "systems"
        ]
      },
      "locked": {
        "lastModified": 1783772407,
        "narHash": "sha256-7J/A/jatgo6jxtnALGbDgmJg1NEwDQmbojltzxtqsxE=",
        "owner": "hyprwm",
        "repo": "hyprland-plugins",
        "rev": "a2c77641bc80b749a9b02ebe6ff8dd6d727baee9",
        "type": "github"
      },
      "original": {
        "owner": "hyprwm",
        "repo": "hyprland-plugins",
        "type": "github"
      }
    },
    "hyprland-protocols": {
      "inputs": {
        "nixpkgs": [
          "hypridle",
          "nixpkgs"
        ],
        "systems": [
          "hypridle",
          "systems"
        ]
      },
      "locked": {
        "lastModified": 1772460177,
        "narHash": "sha256-/6G/MsPvtn7bc4Y32pserBT/Z4SUUdBd4XYJpOEKVR4=",
        "owner": "hyprwm",
        "repo": "hyprland-protocols",
        "rev": "1cb6db5fd6bb8aee419f4457402fa18293ace917",
        "type": "github"
      },
      "original": {
        "owner": "hyprwm",
        "repo": "hyprland-protocols",
        "type": "github"
      }
    },
    "hyprland-protocols_2": {
      "inputs": {
        "nixpkgs": [
          "hyprland",
          "nixpkgs"
        ],
        "systems": [
          "hyprland",
          "systems"
        ]
      },
      "locked": {
        "lastModified": 1772460177,
        "narHash": "sha256-/6G/MsPvtn7bc4Y32pserBT/Z4SUUdBd4XYJpOEKVR4=",
        "owner": "hyprwm",
        "repo": "hyprland-protocols",
        "rev": "1cb6db5fd6bb8aee419f4457402fa18293ace917",
        "type": "github"
      },
      "original": {
        "owner": "hyprwm",
        "repo": "hyprland-protocols",
        "type": "github"
      }
    },
    "hyprland-protocols_3": {
      "inputs": {
        "nixpkgs": [
          "hyprsunset",
          "nixpkgs"
        ],
        "systems": [
          "hyprsunset",
          "systems"
        ]
      },
      "locked": {
        "lastModified": 1772460177,
        "narHash": "sha256-/6G/MsPvtn7bc4Y32pserBT/Z4SUUdBd4XYJpOEKVR4=",
        "owner": "hyprwm",
        "repo": "hyprland-protocols",
        "rev": "1cb6db5fd6bb8aee419f4457402fa18293ace917",
        "type": "github"
      },
      "original": {
        "owner": "hyprwm",
        "repo": "hyprland-protocols",
        "type": "github"
      }
    },
    "hyprlang": {
      "inputs": {
        "hyprutils": [
          "hypridle",
          "hyprutils"
        ],
        "nixpkgs": [
          "hypridle",
          "nixpkgs"
        ],
        "systems": [
          "hypridle",
          "systems"
        ]
      },
      "locked": {
        "lastModified": 1772459629,
        "narHash": "sha256-/iwvNUYShmmnwmz/czEUh6+0eF5vCMv0xtDW0STPIuM=",
        "owner": "hyprwm",
        "repo": "hyprlang",
        "rev": "7615ee388de18239a4ab1400946f3d0e498a8186",
        "type": "github"
      },
      "original": {
        "owner": "hyprwm",
        "repo": "hyprlang",
        "type": "github"
      }
    },
    "hyprlang_2": {
      "inputs": {
        "hyprutils": [
          "hyprland",
          "hyprutils"
        ],
        "nixpkgs": [
          "hyprland",
          "nixpkgs"
        ],
        "systems": [
          "hyprland",
          "systems"
        ]
      },
      "locked": {
        "lastModified": 1777320127,
        "narHash": "sha256-Qu+Wf2Bp5qUjyn2YpZNq8a7JyzTGowhT1knrwE38a9U=",
        "owner": "hyprwm",
        "repo": "hyprlang",
        "rev": "090117506ddc3d7f26e650ff344d378c2ec329cc",
        "type": "github"
      },
      "original": {
        "owner": "hyprwm",
        "repo": "hyprlang",
        "type": "github"
      }
    },
    "hyprlang_3": {
      "inputs": {
        "hyprutils": [
          "hyprlock",
          "hyprutils"
        ],
        "nixpkgs": [
          "hyprlock",
          "nixpkgs"
        ],
        "systems": [
          "hyprlock",
          "systems"
        ]
      },
      "locked": {
        "lastModified": 1772459629,
        "narHash": "sha256-/iwvNUYShmmnwmz/czEUh6+0eF5vCMv0xtDW0STPIuM=",
        "owner": "hyprwm",
        "repo": "hyprlang",
        "rev": "7615ee388de18239a4ab1400946f3d0e498a8186",
        "type": "github"
      },
      "original": {
        "owner": "hyprwm",
        "repo": "hyprlang",
        "type": "github"
      }
    },
    "hyprlang_4": {
      "inputs": {
        "hyprutils": [
          "hyprsunset",
          "hyprutils"
        ],
        "nixpkgs": [
          "hyprsunset",
          "nixpkgs"
        ],
        "systems": [
          "hyprsunset",
          "systems"
        ]
      },
      "locked": {
        "lastModified": 1772459629,
        "narHash": "sha256-/iwvNUYShmmnwmz/czEUh6+0eF5vCMv0xtDW0STPIuM=",
        "owner": "hyprwm",
        "repo": "hyprlang",
        "rev": "7615ee388de18239a4ab1400946f3d0e498a8186",
        "type": "github"
      },
      "original": {
        "owner": "hyprwm",
        "repo": "hyprlang",
        "type": "github"
      }
    },
    "hyprlock": {
      "inputs": {
        "hyprgraphics": "hyprgraphics_2",
        "hyprlang": "hyprlang_3",
        "hyprutils": "hyprutils_3",
        "hyprwayland-scanner": "hyprwayland-scanner_3",
        "nixpkgs": [
          "nixpkgs-unstable"
        ],
        "systems": "systems_6"
      },
      "locked": {
        "lastModified": 1783100503,
        "narHash": "sha256-/ASk2HbOsGG1+zM/mev3uyMuWzy+0xpMebBgi7S72dU=",
        "owner": "hyprwm",
        "repo": "hyprlock",
        "rev": "ef8ebe821be16394747c09fa0881c9322a56f7f1",
        "type": "github"
      },
      "original": {
        "owner": "hyprwm",
        "repo": "hyprlock",
        "type": "github"
      }
    },
    "hyprsunset": {
      "inputs": {
        "hyprland-protocols": "hyprland-protocols_3",
        "hyprlang": "hyprlang_4",
        "hyprutils": "hyprutils_4",
        "hyprwayland-scanner": "hyprwayland-scanner_4",
        "nixpkgs": [
          "nixpkgs-unstable"
        ],
        "systems": "systems_7"
      },
      "locked": {
        "lastModified": 1782851541,
        "narHash": "sha256-zvNiJQfN59CUP5SazP5jUa8E+1/nhXt20b0Z36V3Eq0=",
        "owner": "hyprwm",
        "repo": "hyprsunset",
        "rev": "5eac3a91e723cc74494b4906c6e343d7d5f7cd39",
        "type": "github"
      },
      "original": {
        "owner": "hyprwm",
        "repo": "hyprsunset",
        "type": "github"
      }
    },
    "hyprtoolkit": {
      "inputs": {
        "aquamarine": [
          "hyprland",
          "hyprland-guiutils",
          "aquamarine"
        ],
        "hyprgraphics": [
          "hyprland",
          "hyprland-guiutils",
          "hyprgraphics"
        ],
        "hyprlang": [
          "hyprland",
          "hyprland-guiutils",
          "hyprlang"
        ],
        "hyprutils": [
          "hyprland",
          "hyprland-guiutils",
          "hyprutils"
        ],
        "hyprwayland-scanner": [
          "hyprland",
          "hyprland-guiutils",
          "hyprwayland-scanner"
        ],
        "nixpkgs": [
          "hyprland",
          "hyprland-guiutils",
          "nixpkgs"
        ],
        "systems": [
          "hyprland",
          "hyprland-guiutils",
          "systems"
        ]
      },
      "locked": {
        "lastModified": 1782554491,
        "narHash": "sha256-+p3MlyN/nqRefcf2IckPlGRUn9+hielqpS9XClbLleM=",
        "owner": "hyprwm",
        "repo": "hyprtoolkit",
        "rev": "bdba25ced39ea39ab004a8f31593ba0b0ff1ca35",
        "type": "github"
      },
      "original": {
        "owner": "hyprwm",
        "repo": "hyprtoolkit",
        "type": "github"
      }
    },
    "hyprutils": {
      "inputs": {
        "nixpkgs": [
          "hypridle",
          "nixpkgs"
        ],
        "systems": [
          "hypridle",
          "systems"
        ]
      },
      "locked": {
        "lastModified": 1772459870,
        "narHash": "sha256-xxkK2Cvqxpf/4UGcJ/TyCwrvmiNWsKsJfFzHMp2bxis=",
        "owner": "hyprwm",
        "repo": "hyprutils",
        "rev": "e63f3a79334dec49f8eb1691f66f18115df04085",
        "type": "github"
      },
      "original": {
        "owner": "hyprwm",
        "repo": "hyprutils",
        "type": "github"
      }
    },
    "hyprutils_2": {
      "inputs": {
        "nixpkgs": [
          "hyprland",
          "nixpkgs"
        ],
        "systems": [
          "hyprland",
          "systems"
        ]
      },
      "locked": {
        "lastModified": 1783002634,
        "narHash": "sha256-xGqHIUK0wIZoW7SiMalwvO6uGOO/VrlQwoRobpE7dDI=",
        "owner": "hyprwm",
        "repo": "hyprutils",
        "rev": "41fb809557abd29a57151b6e1aaeabd05f9437e1",
        "type": "github"
      },
      "original": {
        "owner": "hyprwm",
        "repo": "hyprutils",
        "type": "github"
      }
    },
    "hyprutils_3": {
      "inputs": {
        "nixpkgs": [
          "hyprlock",
          "nixpkgs"
        ],
        "systems": [
          "hyprlock",
          "systems"
        ]
      },
      "locked": {
        "lastModified": 1772459870,
        "narHash": "sha256-xxkK2Cvqxpf/4UGcJ/TyCwrvmiNWsKsJfFzHMp2bxis=",
        "owner": "hyprwm",
        "repo": "hyprutils",
        "rev": "e63f3a79334dec49f8eb1691f66f18115df04085",
        "type": "github"
      },
      "original": {
        "owner": "hyprwm",
        "repo": "hyprutils",
        "type": "github"
      }
    },
    "hyprutils_4": {
      "inputs": {
        "nixpkgs": [
          "hyprsunset",
          "nixpkgs"
        ],
        "systems": [
          "hyprsunset",
          "systems"
        ]
      },
      "locked": {
        "lastModified": 1772459870,
        "narHash": "sha256-xxkK2Cvqxpf/4UGcJ/TyCwrvmiNWsKsJfFzHMp2bxis=",
        "owner": "hyprwm",
        "repo": "hyprutils",
        "rev": "e63f3a79334dec49f8eb1691f66f18115df04085",
        "type": "github"
      },
      "original": {
        "owner": "hyprwm",
        "repo": "hyprutils",
        "type": "github"
      }
    },
    "hyprwayland-scanner": {
      "inputs": {
        "nixpkgs": [
          "hypridle",
          "nixpkgs"
        ],
        "systems": [
          "hypridle",
          "systems"
        ]
      },
      "locked": {
        "lastModified": 1772459835,
        "narHash": "sha256-978jRz/y/9TKmZb/qD4lEYHCQGHpEXGqy+8X2lFZsak=",
        "owner": "hyprwm",
        "repo": "hyprwayland-scanner",
        "rev": "0a692d4a645165eebd65f109146b8861e3a925e7",
        "type": "github"
      },
      "original": {
        "owner": "hyprwm",
        "repo": "hyprwayland-scanner",
        "type": "github"
      }
    },
    "hyprwayland-scanner_2": {
      "inputs": {
        "nixpkgs": [
          "hyprland",
          "nixpkgs"
        ],
        "systems": [
          "hyprland",
          "systems"
        ]
      },
      "locked": {
        "lastModified": 1777159683,
        "narHash": "sha256-Jxixw6wZphUp+nHYxOKUYSckL17QMBx2d5Zp0rJHr1g=",
        "owner": "hyprwm",
        "repo": "hyprwayland-scanner",
        "rev": "b8632713a6beaf28b56f2a7b0ab2fb7088dbb404",
        "type": "github"
      },
      "original": {
        "owner": "hyprwm",
        "repo": "hyprwayland-scanner",
        "type": "github"
      }
    },
    "hyprwayland-scanner_3": {
      "inputs": {
        "nixpkgs": [
          "hyprlock",
          "nixpkgs"
        ],
        "systems": [
          "hyprlock",
          "systems"
        ]
      },
      "locked": {
        "lastModified": 1772459835,
        "narHash": "sha256-978jRz/y/9TKmZb/qD4lEYHCQGHpEXGqy+8X2lFZsak=",
        "owner": "hyprwm",
        "repo": "hyprwayland-scanner",
        "rev": "0a692d4a645165eebd65f109146b8861e3a925e7",
        "type": "github"
      },
      "original": {
        "owner": "hyprwm",
        "repo": "hyprwayland-scanner",
        "type": "github"
      }
    },
    "hyprwayland-scanner_4": {
      "inputs": {
        "nixpkgs": [
          "hyprsunset",
          "nixpkgs"
        ],
        "systems": [
          "hyprsunset",
          "systems"
        ]
      },
      "locked": {
        "lastModified": 1772459835,
        "narHash": "sha256-978jRz/y/9TKmZb/qD4lEYHCQGHpEXGqy+8X2lFZsak=",
        "owner": "hyprwm",
        "repo": "hyprwayland-scanner",
        "rev": "0a692d4a645165eebd65f109146b8861e3a925e7",
        "type": "github"
      },
      "original": {
        "owner": "hyprwm",
        "repo": "hyprwayland-scanner",
        "type": "github"
      }
    },
    "hyprwire": {
      "inputs": {
        "hyprutils": [
          "hyprland",
          "hyprutils"
        ],
        "nixpkgs": [
          "hyprland",
          "nixpkgs"
        ],
        "systems": [
          "hyprland",
          "systems"
        ]
      },
      "locked": {
        "lastModified": 1778410714,
        "narHash": "sha256-o6RzFj4nJXaPRY7EM01siuCQeT41RfwwmcmFQqwFJJg=",
        "owner": "hyprwm",
        "repo": "hyprwire",
        "rev": "85148a8e612808cf5ddb25d0b3c5840f3498a7dc",
        "type": "github"
      },
      "original": {
        "owner": "hyprwm",
        "repo": "hyprwire",
        "type": "github"
      }
    },
    "lanzaboote": {
      "inputs": {
        "crane": "crane",
        "nixpkgs": [
          "nixpkgs-unstable"
        ],
        "pre-commit": "pre-commit",
        "rust-overlay": "rust-overlay"
      },
      "locked": {
        "lastModified": 1783496806,
        "narHash": "sha256-6B6CQUk1dPc8l/+otaGiYbuX8qeX/0VmSUQ+qSn0/uA=",
        "owner": "nix-community",
        "repo": "lanzaboote",
        "rev": "6183ac79eadb079a1e72fa2c60915601be669100",
        "type": "github"
      },
      "original": {
        "owner": "nix-community",
        "repo": "lanzaboote",
        "type": "github"
      }
    },
    "minegrub": {
      "inputs": {
        "nixpkgs": [
          "nixpkgs-unstable"
        ]
      },
      "locked": {
        "lastModified": 1719831250,
        "narHash": "sha256-h4hlCQl/Vg/ecxGrk3D3wa1P8Tkur6efN8PlS2CCTsc=",
        "owner": "Moerliy",
        "repo": "minegrub-world-sel-theme",
        "rev": "ab8b335549c6f5f1d6d4bc83b779191ca33b6c70",
        "type": "github"
      },
      "original": {
        "owner": "Moerliy",
        "repo": "minegrub-world-sel-theme",
        "type": "github"
      }
    },
    "minegrubx86": {
      "inputs": {
        "nixpkgs": [
          "nixpkgs-unstable"
        ]
      },
      "locked": {
        "lastModified": 1777808767,
        "narHash": "sha256-/zj600gnZk+nPYzbqV/4x2vJXJQrc3vVdOxj/oCD5Wk=",
        "owner": "Lxtharia",
        "repo": "minegrub-world-sel-theme",
        "rev": "a64e4aa12d6f4d5dd9c752a7ad6e23e1b2f1a748",
        "type": "github"
      },
      "original": {
        "owner": "Lxtharia",
        "repo": "minegrub-world-sel-theme",
        "type": "github"
      }
    },
    "naersk": {
      "inputs": {
        "fenix": "fenix",
        "nixpkgs": "nixpkgs"
      },
      "locked": {
        "lastModified": 1777031541,
        "narHash": "sha256-KZ4s1kolHXFQrRGlnB503gDcTrVQMhiczO+LvvwKEPg=",
        "owner": "nix-community",
        "repo": "naersk",
        "rev": "5e73301621274c44798bf6c6211ed27fc2ced201",
        "type": "github"
      },
      "original": {
        "owner": "nix-community",
        "repo": "naersk",
        "type": "github"
      }
    },
    "nixgl": {
      "inputs": {
        "flake-utils": "flake-utils_3",
        "nixpkgs": [
          "nixpkgs-unstable"
        ]
      },
      "locked": {
        "lastModified": 1762090880,
        "narHash": "sha256-fbRQzIGPkjZa83MowjbD2ALaJf9y6KMDdJBQMKFeY/8=",
        "owner": "guibou",
        "repo": "nixGL",
        "rev": "b6105297e6f0cd041670c3e8628394d4ee247ed5",
        "type": "github"
      },
      "original": {
        "owner": "guibou",
        "repo": "nixGL",
        "type": "github"
      }
    },
    "nixos-hardware": {
      "inputs": {
        "nixpkgs": "nixpkgs_3"
      },
      "locked": {
        "lastModified": 1783792734,
        "narHash": "sha256-50rvY9GdFvpYDcMLcD/4cWSi0hVxArT5wsGlVsHy8eY=",
        "owner": "nixos",
        "repo": "nixos-hardware",
        "rev": "8efb4337e857949f4cfac86d12ef1066f417f31f",
        "type": "github"
      },
      "original": {
        "owner": "nixos",
        "ref": "master",
        "repo": "nixos-hardware",
        "type": "github"
      }
    },
    "nixpkgs": {
      "locked": {
        "lastModified": 1752077645,
        "narHash": "sha256-HM791ZQtXV93xtCY+ZxG1REzhQenSQO020cu6rHtAPk=",
        "owner": "NixOS",
        "repo": "nixpkgs",
        "rev": "be9e214982e20b8310878ac2baa063a961c1bdf6",
        "type": "github"
      },
      "original": {
        "owner": "NixOS",
        "ref": "nixpkgs-unstable",
        "repo": "nixpkgs",
        "type": "github"
      }
    },
    "nixpkgs-unstable": {
      "locked": {
        "lastModified": 1783776592,
        "narHash": "sha256-UgCQzxeWI75XM8G+hPrPh+MKzEPjG3SpAj7dtqSbksA=",
        "owner": "nixos",
        "repo": "nixpkgs",
        "rev": "e7a3ca8092b61ff85b6a45bf863ea2b2d6a661b3",
        "type": "github"
      },
      "original": {
        "owner": "nixos",
        "ref": "nixos-unstable",
        "repo": "nixpkgs",
        "type": "github"
      }
    },
    "nixpkgs_2": {
      "locked": {
        "lastModified": 1783279667,
        "narHash": "sha256-2l8yOB5aYd+05Q9V9Y1YhgbSa1j1o5QX+nvYs5FL80A=",
        "rev": "f205b5574fd0cb7da5b702a2da51507b7f4fdd1b",
        "type": "tarball",
        "url": "https://releases.nixos.org/nixpkgs/nixpkgs-26.11pre1028110.f205b5574fd0/nixexprs.tar.xz"
      },
      "original": {
        "type": "tarball",
        "url": "https://channels.nixos.org/nixpkgs-unstable/nixexprs.tar.xz"
      }
    },
    "nixpkgs_3": {
      "locked": {
        "lastModified": 1767892417,
        "narHash": "sha256-8bW3q88CEg2u4hSP66Vf4lpbLonHz7hqDNBMcCY7E9U=",
        "rev": "3497aa5c9457a9d88d71fa93a4a8368816fbeeba",
        "type": "tarball",
        "url": "https://releases.nixos.org/nixos/unstable/nixos-26.05pre924538.3497aa5c9457/nixexprs.tar.xz"
      },
      "original": {
        "type": "tarball",
        "url": "https://channels.nixos.org/nixos-unstable/nixexprs.tar.xz"
      }
    },
    "nixpkgs_4": {
      "locked": {
        "lastModified": 1782847189,
        "narHash": "sha256-twXPFqFsrrY5r28Zh7Homgcp2gUMBgQ6WDS98Q/3xFI=",
        "owner": "nixos",
        "repo": "nixpkgs",
        "rev": "b6018f87da91d19d0ab4cf979885689b469cdd41",
        "type": "github"
      },
      "original": {
        "owner": "nixos",
        "ref": "nixos-25.11",
        "repo": "nixpkgs",
        "type": "github"
      }
    },
    "pre-commit": {
      "inputs": {
        "flake-compat": "flake-compat_3",
        "nixpkgs": [
          "lanzaboote",
          "nixpkgs"
        ]
      },
      "locked": {
        "lastModified": 1783008725,
        "narHash": "sha256-jGiy6+sxjNWXSjp25uoJuNfyH9zBK1PEDY0lVoL4ibQ=",
        "owner": "cachix",
        "repo": "git-hooks.nix",
        "rev": "bca82caa46d5ec0f5d422c61fb1e30bc51313cbe",
        "type": "github"
      },
      "original": {
        "owner": "cachix",
        "repo": "git-hooks.nix",
        "type": "github"
      }
    },
    "pre-commit-hooks": {
      "inputs": {
        "flake-compat": "flake-compat_2",
        "nixpkgs": [
          "hyprland",
          "nixpkgs"
        ]
      },
      "locked": {
        "lastModified": 1783008725,
        "narHash": "sha256-jGiy6+sxjNWXSjp25uoJuNfyH9zBK1PEDY0lVoL4ibQ=",
        "owner": "cachix",
        "repo": "git-hooks.nix",
        "rev": "bca82caa46d5ec0f5d422c61fb1e30bc51313cbe",
        "type": "github"
      },
      "original": {
        "owner": "cachix",
        "repo": "git-hooks.nix",
        "type": "github"
      }
    },
    "root": {
      "inputs": {
        "animated-wallpaper": "animated-wallpaper",
        "apple-silicon": "apple-silicon",
        "bacon-ls": "bacon-ls",
        "bat-catppuccin": "bat-catppuccin",
        "catppuccin": "catppuccin",
        "darwin": "darwin",
        "delta-catppuccin": "delta-catppuccin",
        "grim-hyprland": "grim-hyprland",
        "home-manager": "home-manager",
        "home-manager-unstable": "home-manager-unstable",
        "hyprhook": "hyprhook",
        "hypridle": "hypridle",
        "hyprland": "hyprland",
        "hyprland-nativ-plugins": "hyprland-nativ-plugins",
        "hyprlock": "hyprlock",
        "hyprsunset": "hyprsunset",
        "lanzaboote": "lanzaboote",
        "minegrub": "minegrub",
        "minegrubx86": "minegrubx86",
        "nixgl": "nixgl",
        "nixos-hardware": "nixos-hardware",
        "nixpkgs": "nixpkgs_4",
        "nixpkgs-unstable": "nixpkgs-unstable",
        "tokionight-nvim": "tokionight-nvim"
      }
    },
    "rust-analyzer-src": {
      "flake": false,
      "locked": {
        "lastModified": 1752428706,
        "narHash": "sha256-EJcdxw3aXfP8Ex1Nm3s0awyH9egQvB2Gu+QEnJn2Sfg=",
        "owner": "rust-lang",
        "repo": "rust-analyzer",
        "rev": "591e3b7624be97e4443ea7b5542c191311aa141d",
        "type": "github"
      },
      "original": {
        "owner": "rust-lang",
        "ref": "nightly",
        "repo": "rust-analyzer",
        "type": "github"
      }
    },
    "rust-overlay": {
      "inputs": {
        "nixpkgs": [
          "lanzaboote",
          "nixpkgs"
        ]
      },
      "locked": {
        "lastModified": 1783488441,
        "narHash": "sha256-jmWf+H3iC/0z7/mmvTovaJx1E/LME1QyHkyk+AFfJPk=",
        "owner": "oxalica",
        "repo": "rust-overlay",
        "rev": "7dc3a177a239ed879c5581a80f6dc246c7e102f1",
        "type": "github"
      },
      "original": {
        "owner": "oxalica",
        "repo": "rust-overlay",
        "type": "github"
      }
    },
    "systems": {
      "locked": {
        "lastModified": 1681028828,
        "narHash": "sha256-Vy1rq5AaRuLzOxct8nz4T6wlgyUR7zLU309k9mBC768=",
        "owner": "nix-systems",
        "repo": "default",
        "rev": "da67096a3b9bf56a91d16901293e51ba5b49a27e",
        "type": "github"
      },
      "original": {
        "owner": "nix-systems",
        "repo": "default",
        "type": "github"
      }
    },
    "systems_2": {
      "locked": {
        "lastModified": 1681028828,
        "narHash": "sha256-Vy1rq5AaRuLzOxct8nz4T6wlgyUR7zLU309k9mBC768=",
        "owner": "nix-systems",
        "repo": "default",
        "rev": "da67096a3b9bf56a91d16901293e51ba5b49a27e",
        "type": "github"
      },
      "original": {
        "owner": "nix-systems",
        "repo": "default",
        "type": "github"
      }
    },
    "systems_3": {
      "locked": {
        "lastModified": 1689347949,
        "narHash": "sha256-12tWmuL2zgBgZkdoB6qXZsgJEH9LR3oUgpaQq2RbI80=",
        "owner": "nix-systems",
        "repo": "default-linux",
        "rev": "31732fcf5e8fea42e59c2488ad31a0e651500f68",
        "type": "github"
      },
      "original": {
        "owner": "nix-systems",
        "repo": "default-linux",
        "type": "github"
      }
    },
    "systems_4": {
      "locked": {
        "lastModified": 1689347949,
        "narHash": "sha256-12tWmuL2zgBgZkdoB6qXZsgJEH9LR3oUgpaQq2RbI80=",
        "owner": "nix-systems",
        "repo": "default-linux",
        "rev": "31732fcf5e8fea42e59c2488ad31a0e651500f68",
        "type": "github"
      },
      "original": {
        "owner": "nix-systems",
        "repo": "default-linux",
        "type": "github"
      }
    },
    "systems_5": {
      "locked": {
        "lastModified": 1689347949,
        "narHash": "sha256-12tWmuL2zgBgZkdoB6qXZsgJEH9LR3oUgpaQq2RbI80=",
        "owner": "nix-systems",
        "repo": "default-linux",
        "rev": "31732fcf5e8fea42e59c2488ad31a0e651500f68",
        "type": "github"
      },
      "original": {
        "owner": "nix-systems",
        "repo": "default-linux",
        "type": "github"
      }
    },
    "systems_6": {
      "locked": {
        "lastModified": 1689347949,
        "narHash": "sha256-12tWmuL2zgBgZkdoB6qXZsgJEH9LR3oUgpaQq2RbI80=",
        "owner": "nix-systems",
        "repo": "default-linux",
        "rev": "31732fcf5e8fea42e59c2488ad31a0e651500f68",
        "type": "github"
      },
      "original": {
        "owner": "nix-systems",
        "repo": "default-linux",
        "type": "github"
      }
    },
    "systems_7": {
      "locked": {
        "lastModified": 1689347949,
        "narHash": "sha256-12tWmuL2zgBgZkdoB6qXZsgJEH9LR3oUgpaQq2RbI80=",
        "owner": "nix-systems",
        "repo": "default-linux",
        "rev": "31732fcf5e8fea42e59c2488ad31a0e651500f68",
        "type": "github"
      },
      "original": {
        "owner": "nix-systems",
        "repo": "default-linux",
        "type": "github"
      }
    },
    "systems_8": {
      "locked": {
        "lastModified": 1681028828,
        "narHash": "sha256-Vy1rq5AaRuLzOxct8nz4T6wlgyUR7zLU309k9mBC768=",
        "owner": "nix-systems",
        "repo": "default",
        "rev": "da67096a3b9bf56a91d16901293e51ba5b49a27e",
        "type": "github"
      },
      "original": {
        "owner": "nix-systems",
        "repo": "default",
        "type": "github"
      }
    },
    "tokionight-nvim": {
      "flake": false,
      "locked": {
        "lastModified": 1774363414,
        "narHash": "sha256-a9iRWue7DB7s/wNdxqqB51Jya5P9X6sDftqhdmKggU0=",
        "owner": "folke",
        "repo": "tokyonight.nvim",
        "rev": "cdc07ac78467a233fd62c493de29a17e0cf2b2b6",
        "type": "github"
      },
      "original": {
        "owner": "folke",
        "repo": "tokyonight.nvim",
        "type": "github"
      }
    },
    "xdph": {
      "inputs": {
        "hyprland-protocols": [
          "hyprland",
          "hyprland-protocols"
        ],
        "hyprlang": [
          "hyprland",
          "hyprlang"
        ],
        "hyprutils": [
          "hyprland",
          "hyprutils"
        ],
        "hyprwayland-scanner": [
          "hyprland",
          "hyprwayland-scanner"
        ],
        "nixpkgs": [
          "hyprland",
          "nixpkgs"
        ],
        "systems": [
          "hyprland",
          "systems"
        ]
      },
      "locked": {
        "lastModified": 1782644412,
        "narHash": "sha256-/iSa/bL1QQFLv+uJ9gI0N87J8gOeZXvca7EjoPGKE6w=",
        "owner": "hyprwm",
        "repo": "xdg-desktop-portal-hyprland",
        "rev": "c01c99fc278ec68c82e9865923088f043c7c1621",
        "type": "github"
      },
      "original": {
        "owner": "hyprwm",
        "repo": "xdg-desktop-portal-hyprland",
        "type": "github"
      }
    }
  },
  "root": "root",
  "version": 7
}
